
Microsoft Visual Studio Solution File, Format Version 12.00
# Visual Studio 14
VisualStudioVersion = 14.0.25420.1
MinimumVisualStudioVersion = 10.0.40219.1
Project("{FAE04EC0-301F-11D3-BF4B-00C04F79EFBC}") = "labra5t1", "labra5\labra5t1.csproj", "{48854594-1D93-4554-AEB2-B3ECEF3FBC9F}"
EndProject
Project("{FAE04EC0-301F-11D3-BF4B-00C04F79EFBC}") = "t2", "t2\t2.csproj", "{E5A951DE-D05C-47D3-A673-A1EE71251AA1}"
EndProject
Project("{FAE04EC0-301F-11D3-BF4B-00C04F79EFBC}") = "labra6t1", "labra6t1\labra6t1.csproj", "{2B824840-3FCE-4267-A599-623B8D86A060}"
EndProject
Global
	GlobalSection(SolutionConfigurationPlatforms) = preSolution
		Debug|Any CPU = Debug|Any CPU
		Release|Any CPU = Release|Any CPU
	EndGlobalSection
	GlobalSection(ProjectConfigurationPlatforms) = postSolution
		{48854594-1D93-4554-AEB2-B3ECEF3FBC9F}.Debug|Any CPU.ActiveCfg = Debug|Any CPU
		{48854594-1D93-4554-AEB2-B3ECEF3FBC9F}.Debug|Any CPU.Build.0 = Debug|Any CPU
		{48854594-1D93-4554-AEB2-B3ECEF3FBC9F}.Release|Any CPU.ActiveCfg = Release|Any CPU
		{48854594-1D93-4554-AEB2-B3ECEF3FBC9F}.Release|Any CPU.Build.0 = Release|Any CPU
		{E5A951DE-D05C-47D3-A673-A1EE71251AA1}.Debug|Any CPU.ActiveCfg = Debug|Any CPU
		{E5A951DE-D05C-47D3-A673-A1EE71251AA1}.Debug|Any CPU.Build.0 = Debug|Any CPU
		{E5A951DE-D05C-47D3-A673-A1EE71251AA1}.Release|Any CPU.ActiveCfg = Release|Any CPU
		{E5A951DE-D05C-47D3-A673-A1EE71251AA1}.Release|Any CPU.Build.0 = Release|Any CPU
		{2B824840-3FCE-4267-A599-623B8D86A060}.Debug|Any CPU.ActiveCfg = Debug|Any CPU
		{2B824840-3FCE-4267-A599-623B8D86A060}.Debug|Any CPU.Build.0 = Debug|Any CPU
		{2B824840-3FCE-4267-A599-623B8D86A060}.Release|Any CPU.ActiveCfg = Release|Any CPU
		{2B824840-3FCE-4267-A599-623B8D86A060}.Release|Any CPU.Build.0 = Release|Any CPU
	EndGlobalSection
	GlobalSection(SolutionProperties) = preSolution
		HideSolutionNode = FALSE
	EndGlobalSection
EndGlobal
