
Microsoft Visual Studio Solution File, Format Version 12.00
# Visual Studio 14
VisualStudioVersion = 14.0.25420.1
MinimumVisualStudioVersion = 10.0.40219.1
Project("{FAE04EC0-301F-11D3-BF4B-00C04F79EFBC}") = "lab6t2", "lab6t2\lab6t2.csproj", "{ABE779CA-EE1C-4331-8318-B535691187DC}"
EndProject
Project("{FAE04EC0-301F-11D3-BF4B-00C04F79EFBC}") = "lab6t3", "lab6t3\lab6t3.csproj", "{49CC9230-10D9-4F84-A0FF-909F8124ED70}"
EndProject
Project("{FAE04EC0-301F-11D3-BF4B-00C04F79EFBC}") = "lab7t1", "lab7t1\lab7t1.csproj", "{F4EC0BD4-F943-4114-88BC-9B11A4E5736A}"
EndProject
Global
	GlobalSection(SolutionConfigurationPlatforms) = preSolution
		Debug|Any CPU = Debug|Any CPU
		Release|Any CPU = Release|Any CPU
	EndGlobalSection
	GlobalSection(ProjectConfigurationPlatforms) = postSolution
		{ABE779CA-EE1C-4331-8318-B535691187DC}.Debug|Any CPU.ActiveCfg = Debug|Any CPU
		{ABE779CA-EE1C-4331-8318-B535691187DC}.Debug|Any CPU.Build.0 = Debug|Any CPU
		{ABE779CA-EE1C-4331-8318-B535691187DC}.Release|Any CPU.ActiveCfg = Release|Any CPU
		{ABE779CA-EE1C-4331-8318-B535691187DC}.Release|Any CPU.Build.0 = Release|Any CPU
		{49CC9230-10D9-4F84-A0FF-909F8124ED70}.Debug|Any CPU.ActiveCfg = Debug|Any CPU
		{49CC9230-10D9-4F84-A0FF-909F8124ED70}.Debug|Any CPU.Build.0 = Debug|Any CPU
		{49CC9230-10D9-4F84-A0FF-909F8124ED70}.Release|Any CPU.ActiveCfg = Release|Any CPU
		{49CC9230-10D9-4F84-A0FF-909F8124ED70}.Release|Any CPU.Build.0 = Release|Any CPU
		{F4EC0BD4-F943-4114-88BC-9B11A4E5736A}.Debug|Any CPU.ActiveCfg = Debug|Any CPU
		{F4EC0BD4-F943-4114-88BC-9B11A4E5736A}.Debug|Any CPU.Build.0 = Debug|Any CPU
		{F4EC0BD4-F943-4114-88BC-9B11A4E5736A}.Release|Any CPU.ActiveCfg = Release|Any CPU
		{F4EC0BD4-F943-4114-88BC-9B11A4E5736A}.Release|Any CPU.Build.0 = Release|Any CPU
	EndGlobalSection
	GlobalSection(SolutionProperties) = preSolution
		HideSolutionNode = FALSE
	EndGlobalSection
EndGlobal
